
Microsoft Visual Studio Solution File, Format Version 12.00
# Visual Studio Version 17
VisualStudioVersion = 17.3.32819.101
MinimumVisualStudioVersion = 10.0.40219.1
Project("{FAE04EC0-301F-11D3-BF4B-00C04F79EFBC}") = "Commission of Product", "Commission of Product\Commission of Product.csproj", "{D5C88280-4BC4-4DE4-91BB-56D69D3DD5D0}"
EndProject
Global
	GlobalSection(SolutionConfigurationPlatforms) = preSolution
		Debug|Any CPU = Debug|Any CPU
		Release|Any CPU = Release|Any CPU
	EndGlobalSection
	GlobalSection(ProjectConfigurationPlatforms) = postSolution
		{D5C88280-4BC4-4DE4-91BB-56D69D3DD5D0}.Debug|Any CPU.ActiveCfg = Debug|Any CPU
		{D5C88280-4BC4-4DE4-91BB-56D69D3DD5D0}.Debug|Any CPU.Build.0 = Debug|Any CPU
		{D5C88280-4BC4-4DE4-91BB-56D69D3DD5D0}.Release|Any CPU.ActiveCfg = Release|Any CPU
		{D5C88280-4BC4-4DE4-91BB-56D69D3DD5D0}.Release|Any CPU.Build.0 = Release|Any CPU
	EndGlobalSection
	GlobalSection(SolutionProperties) = preSolution
		HideSolutionNode = FALSE
	EndGlobalSection
	GlobalSection(ExtensibilityGlobals) = postSolution
		SolutionGuid = {DF94359E-8C0D-4312-A45F-B7E405421810}
	EndGlobalSection
EndGlobal
